github.com/go-ruby-pathname/pathname v0.0.0-20260629151955-d8d2c4e5f81b h1:/ZN1eLOg0oH4wF8qmd6NOyB4ENYthx6wFwOpZiPhRIE=
github.com/go-ruby-pathname/pathname v0.0.0-20260629151955-d8d2c4e5f81b/go.mod h1:IvW5q5Kyl5l3hrYwiHylOEmk5hpGSo7XqcmUXBHF5H0=
github.com/go-ruby-pathname/pathname v0.0.0-20260717071958-ef9f4ddd9c32 h1:pW+nH9H0sRe9FixkM/BTUbdwFl4nMfAvt4eetzcv1/g=
github.com/go-ruby-pathname/pathname v0.0.0-20260717071958-ef9f4ddd9c32/go.mod h1:IvW5q5Kyl5l3hrYwiHylOEmk5hpGSo7XqcmUXBHF5H0=
